
Microsoft Visual Studio Solution File, Format Version 12.00
# Visual Studio Version 17
VisualStudioVersion = 17.4.33403.182
MinimumVisualStudioVersion = 10.0.40219.1
Project("{FAE04EC0-301F-11D3-BF4B-00C04F79EFBC}") = "luca", "luca\luca.csproj", "{B4E71B63-371B-4627-9831-8BD7BD1D423F}"
EndProject
Global
	GlobalSection(SolutionConfigurationPlatforms) = preSolution
		Debug|Any CPU = Debug|Any CPU
		Release|Any CPU = Release|Any CPU
	EndGlobalSection
	GlobalSection(ProjectConfigurationPlatforms) = postSolution
		{B4E71B63-371B-4627-9831-8BD7BD1D423F}.Debug|Any CPU.ActiveCfg = Debug|Any CPU
		{B4E71B63-371B-4627-9831-8BD7BD1D423F}.Debug|Any CPU.Build.0 = Debug|Any CPU
		{B4E71B63-371B-4627-9831-8BD7BD1D423F}.Release|Any CPU.ActiveCfg = Release|Any CPU
		{B4E71B63-371B-4627-9831-8BD7BD1D423F}.Release|Any CPU.Build.0 = Release|Any CPU
	EndGlobalSection
	GlobalSection(SolutionProperties) = preSolution
		HideSolutionNode = FALSE
	EndGlobalSection
	GlobalSection(ExtensibilityGlobals) = postSolution
		SolutionGuid = {C405B8B1-78B2-4C32-9895-14E8E0409BC9}
	EndGlobalSection
EndGlobal
